{
    "_meta": {
        "hash": {
            "sha256": "875806a35f7126b8e35d6bc22e302a33a676445109bb7e9de1d380df2b6fa5c1"
        },
        "pipfile-spec": 6,
        "requires": {
            "python_version": "3.8"
        },
        "sources": [
            {
                "name": "pypi",
                "url": "https://pypi.org/simple",
                "verify_ssl": true
            }
        ]
    },
    "default": {
        "robotframework": {
            "hashes": [
                "sha256:567f2a21f0906635e21d45fe3cb84a4809a12980c9f2706a8a5f65f40f6b4ccd",
                "sha256:dd57b66ee4f059cfb72596b19016e37f40c0fd3f1e45f53726ae7ed07e05e4a3"
            ],
            "index": "pypi",
            "version": "==4.1"
        }
    },
    "develop": {}
}
